--- Cargo.lock.orig
+++ Cargo.lock
@@ -311,6 +311,26 @@
 ]
 
 [[package]]
+name = "arboard"
+version = "3.6.1"
+source = "registry+https://github.com/rust-lang/crates.io-index"
+checksum = "0348a1c054491f4bfe6ab86a7b6ab1e44e45d899005de92f58b3df180b36ddaf"
+dependencies = [
+ "clipboard-win",
+ "image 0.25.1",
+ "log",
+ "objc2 0.6.4",
+ "objc2-app-kit 0.3.2",
+ "objc2-core-foundation",
+ "objc2-core-graphics",
+ "objc2-foundation 0.3.2",
+ "parking_lot",
+ "percent-encoding",
+ "windows-sys 0.60.2",
+ "x11rb 0.13.1",
+]
+
+[[package]]
 name = "arc-swap"
 version = "1.7.1"
 source = "registry+https://github.com/rust-lang/crates.io-index"
@@ -335,6 +355,15 @@
 checksum = "175571dd1d178ced59193a6fc02dde1b972eb0bc56c892cde9beeceac5bf0f6b"
 
 [[package]]
+name = "ash"
+version = "0.38.0+1.3.281"
+source = "registry+https://github.com/rust-lang/crates.io-index"
+checksum = "0bb44936d800fea8f016d7f2311c6a4f97aebd5dc86f09906139ec848cf3a46f"
+dependencies = [
+ "libloading 0.8.4",
+]
+
+[[package]]
 name = "asn1-rs"
 version = "0.6.2"
 source = "registry+https://github.com/rust-lang/crates.io-index"
@@ -798,6 +827,21 @@
 ]
 
 [[package]]
+name = "bit-set"
+version = "0.8.0"
+source = "registry+https://github.com/rust-lang/crates.io-index"
+checksum = "08807e080ed7f9d5433fa9b275196cfc35414f66a0c79d864dc51a0d825231a3"
+dependencies = [
+ "bit-vec",
+]
+
+[[package]]
+name = "bit-vec"
+version = "0.8.0"
+source = "registry+https://github.com/rust-lang/crates.io-index"
+checksum = "5e764a1d40d510daf35e07be9eb06e75770908c27d411ee6c92109c9840eaaf7"
+
+[[package]]
 name = "bit_field"
 version = "0.10.2"
 source = "registry+https://github.com/rust-lang/crates.io-index"
@@ -1168,6 +1212,15 @@
 checksum = "613afe47fcd5fac7ccf1db93babcb082c5994d996f20b8b159f2ad1658eb5724"
 
 [[package]]
+name = "cgl"
+version = "0.3.2"
+source = "registry+https://github.com/rust-lang/crates.io-index"
+checksum = "0ced0551234e87afee12411d535648dd89d2e7f34c78b753395567aff3d447ff"
+dependencies = [
+ "libc",
+]
+
+[[package]]
 name = "chrono"
 version = "0.4.41"
 source = "registry+https://github.com/rust-lang/crates.io-index"
@@ -1408,6 +1461,16 @@
 ]
 
 [[package]]
+name = "codespan-reporting"
+version = "0.11.1"
+source = "registry+https://github.com/rust-lang/crates.io-index"
+checksum = "3538270d33cc669650c4b093848450d380def10c331d38c768e34cac80576e6e"
+dependencies = [
+ "termcolor",
+ "unicode-width",
+]
+
+[[package]]
 name = "color_quant"
 version = "1.1.0"
 source = "registry+https://github.com/rust-lang/crates.io-index"
@@ -1507,7 +1570,7 @@
 dependencies = [
  "proc-macro2 1.0.93",
  "quote 1.0.36",
- "unicode-xid 0.2.4",
+ "unicode-xid 0.2.6",
 ]
 
 [[package]]
@@ -1681,7 +1744,7 @@
  "core-foundation-sys 0.7.0",
  "core-graphics 0.19.2",
  "libc",
- "metal",
+ "metal 0.18.0",
  "objc",
 ]
 
@@ -2306,7 +2369,7 @@
 source = "registry+https://github.com/rust-lang/crates.io-index"
 checksum = "330c60081dcc4c72131f8eb70510f1ac07223e5d4163db481a04a0befcffa412"
 dependencies = [
- "libloading 0.7.4",
+ "libloading 0.8.4",
 ]
 
 [[package]]
@@ -2374,6 +2437,15 @@
 ]
 
 [[package]]
+name = "document-features"
+version = "0.2.12"
+source = "registry+https://github.com/rust-lang/crates.io-index"
+checksum = "d4b8a88685455ed29a21542a33abd9cb6510b6b129abadabdcef0f4c55bc8f61"
+dependencies = [
+ "litrs",
+]
+
+[[package]]
 name = "downcast-rs"
 version = "1.2.1"
 source = "registry+https://github.com/rust-lang/crates.io-index"
@@ -2463,6 +2535,16 @@
 ]
 
 [[package]]
+name = "ecolor"
+version = "0.31.1"
+source = "registry+https://github.com/rust-lang/crates.io-index"
+checksum = "bc4feb366740ded31a004a0e4452fbf84e80ef432ecf8314c485210229672fd1"
+dependencies = [
+ "bytemuck",
+ "emath",
+]
+
+[[package]]
 name = "ed25519"
 version = "1.5.3"
 source = "registry+https://github.com/rust-lang/crates.io-index"
@@ -2472,6 +2554,114 @@
 ]
 
 [[package]]
+name = "eframe"
+version = "0.31.1"
+source = "registry+https://github.com/rust-lang/crates.io-index"
+checksum = "d0dfe0859f3fb1bc6424c57d41e10e9093fe938f426b691e42272c2f336d915c"
+dependencies = [
+ "ahash 0.8.12",
+ "bytemuck",
+ "document-features",
+ "egui",
+ "egui-wgpu",
+ "egui-winit",
+ "egui_glow",
+ "glow",
+ "glutin",
+ "glutin-winit",
+ "image 0.25.1",
+ "js-sys",
+ "log",
+ "objc2 0.5.2",
+ "objc2-app-kit 0.2.2",
+ "objc2-foundation 0.2.2",
+ "parking_lot",
+ "percent-encoding",
+ "profiling",
+ "raw-window-handle 0.6.2",
+ "static_assertions",
+ "wasm-bindgen",
+ "wasm-bindgen-futures",
+ "web-sys",
+ "web-time",
+ "winapi 0.3.9",
+ "windows-sys 0.59.0",
+ "winit",
+]
+
+[[package]]
+name = "egui"
+version = "0.31.1"
+source = "registry+https://github.com/rust-lang/crates.io-index"
+checksum = "25dd34cec49ab55d85ebf70139cb1ccd29c977ef6b6ba4fe85489d6877ee9ef3"
+dependencies = [
+ "ahash 0.8.12",
+ "bitflags 2.9.1",
+ "emath",
+ "epaint",
+ "log",
+ "nohash-hasher",
+ "profiling",
+]
+
+[[package]]
+name = "egui-wgpu"
+version = "0.31.1"
+source = "registry+https://github.com/rust-lang/crates.io-index"
+checksum = "d319dfef570f699b6e9114e235e862a2ddcf75f0d1a061de9e1328d92146d820"
+dependencies = [
+ "ahash 0.8.12",
+ "bytemuck",
+ "document-features",
+ "egui",
+ "epaint",
+ "log",
+ "profiling",
+ "thiserror 1.0.61",
+ "type-map",
+ "web-time",
+ "wgpu",
+ "winit",
+]
+
+[[package]]
+name = "egui-winit"
+version = "0.31.1"
+source = "registry+https://github.com/rust-lang/crates.io-index"
+checksum = "7d9dfbb78fe4eb9c3a39ad528b90ee5915c252e77bbab9d4ebc576541ab67e13"
+dependencies = [
+ "ahash 0.8.12",
+ "arboard 3.6.1",
+ "bytemuck",
+ "egui",
+ "log",
+ "profiling",
+ "raw-window-handle 0.6.2",
+ "smithay-clipboard",
+ "web-time",
+ "webbrowser",
+ "winit",
+]
+
+[[package]]
+name = "egui_glow"
+version = "0.31.1"
+source = "registry+https://github.com/rust-lang/crates.io-index"
+checksum = "910906e3f042ea6d2378ec12a6fd07698e14ddae68aed2d819ffe944a73aab9e"
+dependencies = [
+ "ahash 0.8.12",
+ "bytemuck",
+ "egui",
+ "glow",
+ "log",
+ "memoffset 0.9.1",
+ "profiling",
+ "wasm-bindgen",
+ "web-sys",
+ "winit",
+]
+
+[[package]]
 name = "either"
 version = "1.13.0"
 source = "registry+https://github.com/rust-lang/crates.io-index"
@@ -2499,6 +2689,15 @@
 ]
 
 [[package]]
+name = "emath"
+version = "0.31.1"
+source = "registry+https://github.com/rust-lang/crates.io-index"
+checksum = "9e4cadcff7a5353ba72b7fea76bf2122b5ebdbc68e8155aa56dfdea90083fe1b"
+dependencies = [
+ "bytemuck",
+]
+
+[[package]]
 name = "enigo"
 version = "0.0.14"
 dependencies = [
@@ -2614,6 +2813,30 @@
 ]
 
 [[package]]
+name = "epaint"
+version = "0.31.1"
+source = "registry+https://github.com/rust-lang/crates.io-index"
+checksum = "41fcc0f5a7c613afd2dee5e4b30c3e6acafb8ad6f0edb06068811f708a67c562"
+dependencies = [
+ "ab_glyph",
+ "ahash 0.8.12",
+ "bytemuck",
+ "ecolor",
+ "emath",
+ "epaint_default_fonts",
+ "log",
+ "nohash-hasher",
+ "parking_lot",
+ "profiling",
+]
+
+[[package]]
+name = "epaint_default_fonts"
+version = "0.31.1"
+source = "registry+https://github.com/rust-lang/crates.io-index"
+checksum = "fc7e7a64c02cf7a5b51e745a9e45f60660a286f151c238b9d397b3e923f5082f"
+
+[[package]]
 name = "epoll"
 version = "4.3.3"
 source = "registry+https://github.com/rust-lang/crates.io-index"
@@ -2866,6 +3089,12 @@
 checksum = "3f9eec918d3f24069decb9af1554cad7c880e2da24a9afd88aca000531ab82c1"
 
 [[package]]
+name = "foldhash"
+version = "0.1.5"
+source = "registry+https://github.com/rust-lang/crates.io-index"
+checksum = "d9c4f5dac5e15c24eb999c26181a6ca40b39fe946cbe4c263c7209467bc83af2"
+
+[[package]]
 name = "fon"
 version = "0.6.0"
 source = "registry+https://github.com/rust-lang/crates.io-index"
@@ -3002,6 +3231,7 @@
  "memchr",
  "nix 0.29.0",
  "page_size",
+ "pkg-config",
  "smallvec",
  "zerocopy 0.8.26",
 ]
@@ -3338,6 +3568,17 @@
 ]
 
 [[package]]
+name = "gl_generator"
+version = "0.14.0"
+source = "registry+https://github.com/rust-lang/crates.io-index"
+checksum = "1a95dfc23a2b4a9a2f5ab41d194f8bfda3cabec42af4e39f08c339eb2a0c124d"
+dependencies = [
+ "khronos_api",
+ "log",
+ "xml-rs",
+]
+
+[[package]]
 name = "glib"
 version = "0.10.3"
 source = "registry+https://github.com/rust-lang/crates.io-index"
@@ -3436,6 +3677,84 @@
 checksum = "d2fabcfbdc87f4758337ca535fb41a6d701b65693ce38287d856d1674551ec9b"
 
 [[package]]
+name = "glow"
+version = "0.16.0"
+source = "registry+https://github.com/rust-lang/crates.io-index"
+checksum = "c5e5ea60d70410161c8bf5da3fdfeaa1c72ed2c15f8bbb9d19fe3a4fad085f08"
+dependencies = [
+ "js-sys",
+ "slotmap",
+ "wasm-bindgen",
+ "web-sys",
+]
+
+[[package]]
+name = "glutin"
+version = "0.32.3"
+source = "registry+https://github.com/rust-lang/crates.io-index"
+checksum = "12124de845cacfebedff80e877bb37b5b75c34c5a4c89e47e1cdd67fb6041325"
+dependencies = [
+ "bitflags 2.9.1",
+ "cfg_aliases 0.2.1",
+ "cgl",
+ "dispatch2",
+ "glutin_egl_sys",
+ "glutin_glx_sys",
+ "glutin_wgl_sys",
+ "libloading 0.8.4",
+ "objc2 0.6.4",
+ "objc2-app-kit 0.3.2",
+ "objc2-core-foundation",
+ "objc2-foundation 0.3.2",
+ "once_cell",
+ "raw-window-handle 0.6.2",
+ "wayland-sys",
+ "windows-sys 0.52.0",
+ "x11-dl",
+]
+
+[[package]]
+name = "glutin-winit"
+version = "0.5.0"
+source = "registry+https://github.com/rust-lang/crates.io-index"
+checksum = "85edca7075f8fc728f28cb8fbb111a96c3b89e930574369e3e9c27eb75d3788f"
+dependencies = [
+ "cfg_aliases 0.2.1",
+ "glutin",
+ "raw-window-handle 0.6.2",
+ "winit",
+]
+
+[[package]]
+name = "glutin_egl_sys"
+version = "0.7.1"
+source = "registry+https://github.com/rust-lang/crates.io-index"
+checksum = "4c4680ba6195f424febdc3ba46e7a42a0e58743f2edb115297b86d7f8ecc02d2"
+dependencies = [
+ "gl_generator",
+ "windows-sys 0.52.0",
+]
+
+[[package]]
+name = "glutin_glx_sys"
+version = "0.6.1"
+source = "registry+https://github.com/rust-lang/crates.io-index"
+checksum = "8a7bb2938045a88b612499fbcba375a77198e01306f52272e692f8c1f3751185"
+dependencies = [
+ "gl_generator",
+ "x11-dl",
+]
+
+[[package]]
+name = "glutin_wgl_sys"
+version = "0.6.1"
+source = "registry+https://github.com/rust-lang/crates.io-index"
+checksum = "2c4ee00b289aba7a9e5306d57c2d05499b2e5dc427f84ac708bd2c090212cf3e"
+dependencies = [
+ "gl_generator",
+]
+
+[[package]]
 name = "gobject-sys"
 version = "0.10.0"
 source = "registry+https://github.com/rust-lang/crates.io-index"
@@ -3458,6 +3777,45 @@
 ]
 
 [[package]]
+name = "gpu-alloc"
+version = "0.6.2"
+source = "registry+https://github.com/rust-lang/crates.io-index"
+checksum = "45cf04b2726f02df5508c6de726acdc90cdf97ac771a9a0ffd8ba10a6e696bf9"
+dependencies = [
+ "bitflags 2.9.1",
+ "gpu-alloc-types",
+]
+
+[[package]]
+name = "gpu-alloc-types"
+version = "0.3.1"
+source = "registry+https://github.com/rust-lang/crates.io-index"
+checksum = "b2bbed164dd10ed526c2e4fe3e721ca4a71c61730e5aafac6844b417b3227058"
+dependencies = [
+ "bitflags 2.9.1",
+]
+
+[[package]]
+name = "gpu-descriptor"
+version = "0.3.2"
+source = "registry+https://github.com/rust-lang/crates.io-index"
+checksum = "b89c83349105e3732062a895becfc71a8f921bb71ecbbdd8ff99263e3b53a0ca"
+dependencies = [
+ "bitflags 2.9.1",
+ "gpu-descriptor-types",
+ "hashbrown 0.15.4",
+]
+
+[[package]]
+name = "gpu-descriptor-types"
+version = "0.2.0"
+source = "registry+https://github.com/rust-lang/crates.io-index"
+checksum = "fdf242682df893b86f33a73828fb09ca4b2d3bb6cc95249707fc684d27484b91"
+dependencies = [
+ "bitflags 2.9.1",
+]
+
+[[package]]
 name = "group"
 version = "0.13.0"
 source = "registry+https://github.com/rust-lang/crates.io-index"
@@ -3683,6 +4041,9 @@
 version = "0.15.4"
 source = "registry+https://github.com/rust-lang/crates.io-index"
 checksum = "5971ac85611da7067dbfcabef3c70ebb5606018acd9e2a3903a0da507521e0d5"
+dependencies = [
+ "foldhash",
+]
 
 [[package]]
 name = "hbb_common"
@@ -3799,6 +4160,12 @@
 checksum = "7f24254aa9a54b5c858eaee2f5bccdb46aaf0e486a595ed5fd8f86ba55232a70"
 
 [[package]]
+name = "hexf-parse"
+version = "0.2.1"
+source = "registry+https://github.com/rust-lang/crates.io-index"
+checksum = "dfa686283ad6dd069f105e5ab091b04c62850d3e4cf5d67debad1933f55023df"
+
+[[package]]
 name = "hkdf"
 version = "0.12.4"
 source = "registry+https://github.com/rust-lang/crates.io-index"
@@ -4333,6 +4700,23 @@
 ]
 
 [[package]]
+name = "khronos-egl"
+version = "6.0.0"
+source = "registry+https://github.com/rust-lang/crates.io-index"
+checksum = "6aae1df220ece3c0ada96b8153459b67eebe9ae9212258bb0134ae60416fdf76"
+dependencies = [
+ "libc",
+ "libloading 0.8.4",
+ "pkg-config",
+]
+
+[[package]]
+name = "khronos_api"
+version = "3.1.0"
+source = "registry+https://github.com/rust-lang/crates.io-index"
+checksum = "e2db585e1d738fc771bf08a151420d3ed193d9d895a36df7f6f8a9456b911ddc"
+
+[[package]]
 name = "kurbo"
 version = "0.9.5"
 source = "registry+https://github.com/rust-lang/crates.io-index"
@@ -4427,7 +4811,7 @@
 checksum = "e310b3a6b5907f99202fcdb4960ff45b93735d7c7d96b760fcff8db2dc0e103d"
 dependencies = [
  "cfg-if 1.0.0",
- "windows-targets 0.48.5",
+ "windows-targets 0.52.6",
 ]
 
 [[package]]
@@ -4575,6 +4959,12 @@
 checksum = "df1d3c3b53da64cf5760482273a98e575c651a67eec7f77df96b5b642de8f039"
 
 [[package]]
+name = "litrs"
+version = "1.0.0"
+source = "registry+https://github.com/rust-lang/crates.io-index"
+checksum = "11d3d7f243d5c5a8b9bb5d6dd2b1602c0cb0b9db1621bafc7ed66e35ff9fe092"
+
+[[package]]
 name = "lock_api"
 version = "0.4.12"
 source = "registry+https://github.com/rust-lang/crates.io-index"
@@ -4730,6 +5120,21 @@
 ]
 
 [[package]]
+name = "metal"
+version = "0.31.0"
+source = "registry+https://github.com/rust-lang/crates.io-index"
+checksum = "f569fb946490b5743ad69813cb19629130ce9374034abe31614a36402d18f99e"
+dependencies = [
+ "bitflags 2.9.1",
+ "block",
+ "core-graphics-types 0.1.3",
+ "foreign-types 0.5.0",
+ "log",
+ "objc",
+ "paste",
+]
+
+[[package]]
 name = "minimal-lexical"
 version = "0.2.1"
 source = "registry+https://github.com/rust-lang/crates.io-index"
@@ -4831,6 +5236,28 @@
 checksum = "0419348c027fa7be448d2ae7ea0e4e04c2334c31dc4e74ab29f00a2a7ca69204"
 
 [[package]]
+name = "naga"
+version = "24.0.0"
+source = "registry+https://github.com/rust-lang/crates.io-index"
+checksum = "e380993072e52eef724eddfcde0ed013b0c023c3f0417336ed041aa9f076994e"
+dependencies = [
+ "arrayvec",
+ "bit-set",
+ "bitflags 2.9.1",
+ "cfg_aliases 0.2.1",
+ "codespan-reporting",
+ "hexf-parse",
+ "indexmap",
+ "log",
+ "rustc-hash 1.1.0",
+ "spirv",
+ "strum 0.26.3",
+ "termcolor",
+ "thiserror 2.0.17",
+ "unicode-xid 0.2.6",
+]
+
+[[package]]
 name = "nanorand"
 version = "0.7.0"
 source = "registry+https://github.com/rust-lang/crates.io-index"
@@ -5068,6 +5495,12 @@
 ]
 
 [[package]]
+name = "nohash-hasher"
+version = "0.2.0"
+source = "registry+https://github.com/rust-lang/crates.io-index"
+checksum = "2bf50223579dc7cdcfb3bfcacf7069ff68243f8c363f62ffa99cf000a6b9c451"
+
+[[package]]
 name = "nokhwa"
 version = "0.10.7"
 source = "git+https://github.com/rustdesk-org/nokhwa.git?branch=fix_from_raw_parts#c2f74662b6ce117f7f94301693fdfadc0b1ec91a"
@@ -5392,6 +5825,7 @@
  "bitflags 2.9.1",
  "objc2 0.6.4",
  "objc2-core-foundation",
+ "objc2-core-graphics",
  "objc2-foundation 0.3.2",
 ]
 
@@ -5449,7 +5883,10 @@
 checksum = "e022c9d066895efa1345f8e33e584b9f958da2fd4cd116792e15e07e4720a807"
 dependencies = [
  "bitflags 2.9.1",
+ "dispatch2",
+ "objc2 0.6.4",
  "objc2-core-foundation",
+ "objc2-io-surface",
 ]
 
 [[package]]
@@ -5517,6 +5954,17 @@
 ]
 
 [[package]]
+name = "objc2-io-surface"
+version = "0.3.2"
+source = "registry+https://github.com/rust-lang/crates.io-index"
+checksum = "180788110936d59bab6bd83b6060ffdfffb3b922ba1396b312ae795e1de9d81d"
+dependencies = [
+ "bitflags 2.9.1",
+ "objc2 0.6.4",
+ "objc2-core-foundation",
+]
+
+[[package]]
 name = "objc2-link-presentation"
 version = "0.2.2"
 source = "registry+https://github.com/rust-lang/crates.io-index"
@@ -5669,9 +6117,9 @@
 
 [[package]]
 name = "once_cell"
-version = "1.19.0"
+version = "1.21.4"
 source = "registry+https://github.com/rust-lang/crates.io-index"
-checksum = "3fdb12b2476b595f9358c5161aa467c2438859caa136dec86c26fdd2efe17b92"
+checksum = "9f7c3e4beb33f85d45ae3e3a1792185706c8e16d043238c593331cc7cd313b50"
 
 [[package]]
 name = "opaque-debug"
@@ -5749,6 +6197,15 @@
 ]
 
 [[package]]
+name = "ordered-float"
+version = "4.6.0"
+source = "registry+https://github.com/rust-lang/crates.io-index"
+checksum = "7bb71e1b3fa6ca1c61f383464aaf2bb0e2f8e772a1f01d486832464de363b951"
+dependencies = [
+ "num-traits 0.2.19",
+]
+
+[[package]]
 name = "ordered-multimap"
 version = "0.4.3"
 source = "registry+https://github.com/rust-lang/crates.io-index"
@@ -6356,6 +6813,12 @@
 ]
 
 [[package]]
+name = "profiling"
+version = "1.0.18"
+source = "registry+https://github.com/rust-lang/crates.io-index"
+checksum = "3d595e54a326bc53c1c197b32d295e14b169e3cfeaa8dc82b529f947fba6bcf5"
+
+[[package]]
 name = "protobuf"
 version = "3.7.2"
 source = "registry+https://github.com/rust-lang/crates.io-index"
@@ -6890,6 +7353,12 @@
 ]
 
 [[package]]
+name = "renderdoc-sys"
+version = "1.1.0"
+source = "registry+https://github.com/rust-lang/crates.io-index"
+checksum = "19b30a45b0cd0bcca8037f3d0dc3421eaf95327a17cad11964fb8179b4fc4832"
+
+[[package]]
 name = "repng"
 version = "0.2.2"
 source = "registry+https://github.com/rust-lang/crates.io-index"
@@ -7091,7 +7560,7 @@
 dependencies = [
  "android-wakelock",
  "android_logger",
- "arboard",
+ "arboard 3.4.0",
  "async-process",
  "async-trait",
  "base",
@@ -7115,6 +7584,7 @@
  "default-net",
  "dispatch",
  "docopt",
+ "eframe",
  "enigo",
  "errno",
  "evdev",
@@ -7857,6 +8327,17 @@
 ]
 
 [[package]]
+name = "smithay-clipboard"
+version = "0.7.3"
+source = "registry+https://github.com/rust-lang/crates.io-index"
+checksum = "71704c03f739f7745053bde45fa203a46c58d25bc5c4efba1d9a60e9dba81226"
+dependencies = [
+ "libc",
+ "smithay-client-toolkit 0.20.0",
+ "wayland-backend",
+]
+
+[[package]]
 name = "smol_str"
 version = "0.2.2"
 source = "registry+https://github.com/rust-lang/crates.io-index"
@@ -7951,6 +8432,15 @@
 ]
 
 [[package]]
+name = "spirv"
+version = "0.3.0+sdk-1.3.268.0"
+source = "registry+https://github.com/rust-lang/crates.io-index"
+checksum = "eda41003dc44290527a59b13432d4a0379379fa074b70174882adfbdfd917844"
+dependencies = [
+ "bitflags 2.9.1",
+]
+
+[[package]]
 name = "spki"
 version = "0.7.3"
 source = "registry+https://github.com/rust-lang/crates.io-index"
@@ -8009,6 +8499,15 @@
 checksum = "063e6045c0e62079840579a7e47a355ae92f60eb74daaf156fb1e84ba164e63f"
 
 [[package]]
+name = "strum"
+version = "0.26.3"
+source = "registry+https://github.com/rust-lang/crates.io-index"
+checksum = "8fec0f0aef304996cf250b31b5a10dee7980c85da9d759361292b8bca5a18f06"
+dependencies = [
+ "strum_macros 0.26.4",
+]
+
+[[package]]
 name = "strum_macros"
 version = "0.18.0"
 source = "registry+https://github.com/rust-lang/crates.io-index"
@@ -8034,6 +8533,19 @@
 ]
 
 [[package]]
+name = "strum_macros"
+version = "0.26.4"
+source = "registry+https://github.com/rust-lang/crates.io-index"
+checksum = "4c6bee85a5a24955dc440386795aa378cd9cf82acd5f764469152d2270e581be"
+dependencies = [
+ "heck 0.5.0",
+ "proc-macro2 1.0.93",
+ "quote 1.0.36",
+ "rustversion",
+ "syn 2.0.98",
+]
+
+[[package]]
 name = "stun"
 version = "0.8.0"
 source = "git+https://github.com/rustdesk-org/webrtc?rev=49c89bd8d30e6e62e4c1a96cee38fdc11f79ef63#49c89bd8d30e6e62e4c1a96cee38fdc11f79ef63"
@@ -8933,6 +9445,15 @@
 ]
 
 [[package]]
+name = "type-map"
+version = "0.5.1"
+source = "registry+https://github.com/rust-lang/crates.io-index"
+checksum = "cb30dbbd9036155e74adad6812e9898d03ec374946234fbcebd5dfc7b9187b90"
+dependencies = [
+ "rustc-hash 2.1.1",
+]
+
+[[package]]
 name = "typenum"
 version = "1.17.0"
 source = "registry+https://github.com/rust-lang/crates.io-index"
@@ -9090,9 +9611,9 @@
 
 [[package]]
 name = "unicode-xid"
-version = "0.2.4"
+version = "0.2.6"
 source = "registry+https://github.com/rust-lang/crates.io-index"
-checksum = "f962df74c8c05a667b5ee8bcf162993134c104e96440b663c8daa176dc772d8c"
+checksum = "ebc1c04c71510c7f702b52b7c350734c9ff1295c464a03335b00bb84fc54f853"
 
 [[package]]
 name = "universal-hash"
@@ -9527,6 +10048,22 @@
 ]
 
 [[package]]
+name = "webbrowser"
+version = "1.0.6"
+source = "registry+https://github.com/rust-lang/crates.io-index"
+checksum = "00f1243ef785213e3a32fa0396093424a3a6ea566f9948497e5a2309261a4c97"
+dependencies = [
+ "core-foundation 0.10.1",
+ "jni",
+ "log",
+ "ndk-context",
+ "objc2 0.6.4",
+ "objc2-foundation 0.3.2",
+ "url",
+ "web-sys",
+]
+
+[[package]]
 name = "webm"
 version = "1.1.0"
 source = "git+https://github.com/rustdesk-org/rust-webm#d2c4d3ac133c7b0e4c0f656da710b48391981e64"
@@ -9777,6 +10314,109 @@
 checksum = "53a85b86a771b1c87058196170769dd264f66c0782acf1ae6cc51bfd64b39082"
 
 [[package]]
+name = "wgpu"
+version = "24.0.5"
+source = "registry+https://github.com/rust-lang/crates.io-index"
+checksum = "6b0b3436f0729f6cdf2e6e9201f3d39dc95813fad61d826c1ed07918b4539353"
+dependencies = [
+ "arrayvec",
+ "bitflags 2.9.1",
+ "cfg_aliases 0.2.1",
+ "document-features",
+ "js-sys",
+ "log",
+ "parking_lot",
+ "profiling",
+ "raw-window-handle 0.6.2",
+ "smallvec",
+ "static_assertions",
+ "wasm-bindgen",
+ "wasm-bindgen-futures",
+ "web-sys",
+ "wgpu-core",
+ "wgpu-hal",
+ "wgpu-types",
+]
+
+[[package]]
+name = "wgpu-core"
+version = "24.0.5"
+source = "registry+https://github.com/rust-lang/crates.io-index"
+checksum = "7f0aa306497a238d169b9dc70659105b4a096859a34894544ca81719242e1499"
+dependencies = [
+ "arrayvec",
+ "bit-vec",
+ "bitflags 2.9.1",
+ "cfg_aliases 0.2.1",
+ "document-features",
+ "indexmap",
+ "log",
+ "naga",
+ "once_cell",
+ "parking_lot",
+ "profiling",
+ "raw-window-handle 0.6.2",
+ "rustc-hash 1.1.0",
+ "smallvec",
+ "thiserror 2.0.17",
+ "wgpu-hal",
+ "wgpu-types",
+]
+
+[[package]]
+name = "wgpu-hal"
+version = "24.0.4"
+source = "registry+https://github.com/rust-lang/crates.io-index"
+checksum = "f112f464674ca69f3533248508ee30cb84c67cf06c25ff6800685f5e0294e259"
+dependencies = [
+ "android_system_properties",
+ "arrayvec",
+ "ash",
+ "bitflags 2.9.1",
+ "bytemuck",
+ "cfg_aliases 0.2.1",
+ "core-graphics-types 0.1.3",
+ "glow",
+ "glutin_wgl_sys",
+ "gpu-alloc",
+ "gpu-descriptor",
+ "js-sys",
+ "khronos-egl",
+ "libc",
+ "libloading 0.8.4",
+ "log",
+ "metal 0.31.0",
+ "naga",
+ "ndk-sys 0.5.0+25.2.9519653",
+ "objc",
+ "once_cell",
+ "ordered-float",
+ "parking_lot",
+ "profiling",
+ "raw-window-handle 0.6.2",
+ "renderdoc-sys",
+ "rustc-hash 1.1.0",
+ "smallvec",
+ "thiserror 2.0.17",
+ "wasm-bindgen",
+ "web-sys",
+ "wgpu-types",
+ "windows 0.58.0",
+]
+
+[[package]]
+name = "wgpu-types"
+version = "24.0.0"
+source = "registry+https://github.com/rust-lang/crates.io-index"
+checksum = "50ac044c0e76c03a0378e7786ac505d010a873665e2d51383dcff8dd227dc69c"
+dependencies = [
+ "bitflags 2.9.1",
+ "js-sys",
+ "log",
+ "web-sys",
+]
+
+[[package]]
 name = "which"
 version = "4.4.2"
 source = "registry+https://github.com/rust-lang/crates.io-index"
@@ -9959,6 +10599,16 @@
 
 [[package]]
 name = "windows"
+version = "0.58.0"
+source = "registry+https://github.com/rust-lang/crates.io-index"
+checksum = "dd04d41d93c4992d421894c18c8b43496aa748dd4c081bac0dc93eb0489272b6"
+dependencies = [
+ "windows-core 0.58.0",
+ "windows-targets 0.52.6",
+]
+
+[[package]]
+name = "windows"
 version = "0.61.1"
 source = "registry+https://github.com/rust-lang/crates.io-index"
 checksum = "c5ee8f3d025738cb02bad7868bbb5f8a6327501e870bf51f1b455b0a2454a419"
@@ -10009,6 +10659,19 @@
 
 [[package]]
 name = "windows-core"
+version = "0.58.0"
+source = "registry+https://github.com/rust-lang/crates.io-index"
+checksum = "6ba6d44ec8c2591c134257ce647b7ea6b20335bf6379a27dac5f1641fcf59f99"
+dependencies = [
+ "windows-implement 0.58.0",
+ "windows-interface 0.58.0",
+ "windows-result 0.2.0",
+ "windows-strings 0.1.0",
+ "windows-targets 0.52.6",
+]
+
+[[package]]
+name = "windows-core"
 version = "0.61.0"
 source = "registry+https://github.com/rust-lang/crates.io-index"
 checksum = "4763c1de310c86d75a878046489e2e5ba02c649d185f21c67d4cf8a56d098980"
@@ -10043,6 +10706,17 @@
 
 [[package]]
 name = "windows-implement"
+version = "0.58.0"
+source = "registry+https://github.com/rust-lang/crates.io-index"
+checksum = "2bbd5b46c938e506ecbce286b6628a02171d56153ba733b6c741fc627ec9579b"
+dependencies = [
+ "proc-macro2 1.0.93",
+ "quote 1.0.36",
+ "syn 2.0.98",
+]
+
+[[package]]
+name = "windows-implement"
 version = "0.60.0"
 source = "registry+https://github.com/rust-lang/crates.io-index"
 checksum = "a47fddd13af08290e67f4acabf4b459f647552718f683a7b415d290ac744a836"
@@ -10065,6 +10739,17 @@
 
 [[package]]
 name = "windows-interface"
+version = "0.58.0"
+source = "registry+https://github.com/rust-lang/crates.io-index"
+checksum = "053c4c462dc91d3b1504c6fe5a726dd15e216ba718e84a0e46a88fbe5ded3515"
+dependencies = [
+ "proc-macro2 1.0.93",
+ "quote 1.0.36",
+ "syn 2.0.98",
+]
+
+[[package]]
+name = "windows-interface"
 version = "0.59.1"
 source = "registry+https://github.com/rust-lang/crates.io-index"
 checksum = "bd9211b69f8dcdfa817bfd14bf1c97c9188afa36f4750130fcdf3f400eca9fa8"
@@ -10107,6 +10792,15 @@
 
 [[package]]
 name = "windows-result"
+version = "0.2.0"
+source = "registry+https://github.com/rust-lang/crates.io-index"
+checksum = "1d1043d8214f791817bab27572aaa8af63732e11bf84aa21a45a78d6c317ae0e"
+dependencies = [
+ "windows-targets 0.52.6",
+]
+
+[[package]]
+name = "windows-result"
 version = "0.3.2"
 source = "registry+https://github.com/rust-lang/crates.io-index"
 checksum = "c64fd11a4fd95df68efcfee5f44a294fe71b8bc6a91993e2791938abcc712252"
@@ -10127,6 +10821,16 @@
 
 [[package]]
 name = "windows-strings"
+version = "0.1.0"
+source = "registry+https://github.com/rust-lang/crates.io-index"
+checksum = "4cd9b125c486025df0eabcb585e62173c6c9eddcec5d117d3b6e8c30e2ee4d10"
+dependencies = [
+ "windows-result 0.2.0",
+ "windows-targets 0.52.6",
+]
+
+[[package]]
+name = "windows-strings"
 version = "0.3.1"
 source = "registry+https://github.com/rust-lang/crates.io-index"
 checksum = "87fa48cc5d406560701792be122a10132491cff9d0aeb23583cc2dcafc847319"
@@ -10172,6 +10876,15 @@
 
 [[package]]
 name = "windows-sys"
+version = "0.59.0"
+source = "registry+https://github.com/rust-lang/crates.io-index"
+checksum = "1e38bc4d79ed67fd075bcc251a1c39b32a1776bbe92e5bef1f0bf1f8c531853b"
+dependencies = [
+ "windows-targets 0.52.6",
+]
+
+[[package]]
+name = "windows-sys"
 version = "0.60.2"
 source = "registry+https://github.com/rust-lang/crates.io-index"
 checksum = "f2f500e4d28234f72040990ec9d39e3a6b950f9f22d3dba18416c35882612bcb"
@@ -10808,6 +11521,12 @@
 checksum = "b9cc00251562a284751c9973bace760d86c0276c471b4be569fe6b068ee97a56"
 
 [[package]]
+name = "xml-rs"
+version = "0.8.29"
+source = "registry+https://github.com/rust-lang/crates.io-index"
+checksum = "e450f9b2ed1dff33c94c12589a87338689467b9c4f5d8a5710bd09a847d2c8a7"
+
+[[package]]
 name = "xxhash-rust"
 version = "0.8.18"
 source = "registry+https://github.com/rust-lang/crates.io-index"
