--- Cargo.lock.orig	2024-05-29 04:24:33 UTC
+++ Cargo.lock
@@ -124,7 +124,6 @@ checksum = "e999941b234f3131b00bc13c22d06e8c5ff726d1b6
 [[package]]
 name = "android-wakelock"
 version = "0.1.0"
-source = "git+https://github.com/21pages/android-wakelock#d0292e5a367e627c4fa6f1ca6bdfad005dca7d90"
 dependencies = [
  "jni 0.21.1",
  "log",
@@ -261,7 +260,6 @@ dependencies = [
 [[package]]
 name = "arboard"
 version = "3.3.1"
-source = "git+https://github.com/fufesou/arboard?branch=feat/x11_set_conn_timeout#956b5f8693b4fc7fddd7b8cafbe1111a892b34b1"
 dependencies = [
  "clipboard-win",
  "core-graphics 0.23.1 (registry+https://github.com/rust-lang/crates.io-index)",
@@ -794,12 +792,11 @@ dependencies = [
 [[package]]
 name = "cacao"
 version = "0.4.0-beta2"
-source = "git+https://github.com/clslaid/cacao?branch=feat/set-file-urls#05e1536b0b43aaae308ec72c0eed703e875b7b95"
 dependencies = [
  "bitmask-enum",
  "block2",
- "core-foundation 0.9.3 (git+https://github.com/madsmtm/core-foundation-rs.git?rev=7d593d016175755e492a92ef89edca68ac3bd5cd)",
- "core-graphics 0.23.1 (git+https://github.com/madsmtm/core-foundation-rs.git?rev=7d593d016175755e492a92ef89edca68ac3bd5cd)",
+ "core-foundation 0.9.3",
+ "core-graphics 0.23.1",
  "dispatch",
  "lazy_static",
  "libc",
@@ -1023,6 +1020,21 @@ dependencies = [
 
 [[package]]
 name = "cocoa"
+version = "0.22.0"
+source = "registry+https://github.com/rust-lang/crates.io-index"
+checksum = "667fdc068627a2816b9ff831201dd9864249d6ee8d190b9532357f1fc0f61ea7"
+dependencies = [
+ "bitflags 1.3.2",
+ "block",
+ "core-foundation 0.9.3 (registry+https://github.com/rust-lang/crates.io-index)",
+ "core-graphics 0.21.0",
+ "foreign-types 0.3.2",
+ "libc",
+ "objc",
+]
+
+[[package]]
+name = "cocoa"
 version = "0.24.1"
 source = "registry+https://github.com/rust-lang/crates.io-index"
 checksum = "f425db7937052c684daec3bd6375c8abe2d146dca4b8b143d6db777c39138f3a"
@@ -1101,7 +1113,6 @@ dependencies = [
 [[package]]
 name = "confy"
 version = "0.4.0-2"
-source = "git+https://github.com/rustdesk-org/confy#83db9ec19a2f97e9718aef69e4fc5611bb382479"
 dependencies = [
  "directories-next",
  "serde 1.0.190",
@@ -1165,25 +1176,40 @@ checksum = "6245d59a3e82a7fc217c5828a6692dbc6dfb63a0c8
 
 [[package]]
 name = "core-foundation"
-version = "0.9.3"
+version = "0.7.0"
 source = "registry+https://github.com/rust-lang/crates.io-index"
-checksum = "194a7a9e6de53fa55116934067c844d9d749312f75c6f6d0980e8c252f8c2146"
+checksum = "57d24c7a13c43e870e37c1556b74555437870a04514f7685f5b354e090567171"
 dependencies = [
- "core-foundation-sys 0.8.4",
+ "core-foundation-sys 0.7.0",
  "libc",
 ]
 
 [[package]]
 name = "core-foundation"
 version = "0.9.3"
-source = "git+https://github.com/madsmtm/core-foundation-rs.git?rev=7d593d016175755e492a92ef89edca68ac3bd5cd#7d593d016175755e492a92ef89edca68ac3bd5cd"
 dependencies = [
  "core-foundation-sys 0.8.6",
  "libc",
 ]
 
 [[package]]
+name = "core-foundation"
+version = "0.9.3"
+source = "registry+https://github.com/rust-lang/crates.io-index"
+checksum = "194a7a9e6de53fa55116934067c844d9d749312f75c6f6d0980e8c252f8c2146"
+dependencies = [
+ "core-foundation-sys 0.8.4",
+ "libc",
+]
+
+[[package]]
 name = "core-foundation-sys"
+version = "0.7.0"
+source = "registry+https://github.com/rust-lang/crates.io-index"
+checksum = "b3a71ab494c0b5b860bdc8407ae08978052417070c2ced38573a9157ad75b8ac"
+
+[[package]]
+name = "core-foundation-sys"
 version = "0.8.4"
 source = "registry+https://github.com/rust-lang/crates.io-index"
 checksum = "e496a50fda8aacccc86d7529e2c1e0892dbd0f898a6b5645b5561b89c3210efa"
@@ -1191,73 +1217,94 @@ checksum = "e496a50fda8aacccc86d7529e2c1e0892dbd0f898a
 [[package]]
 name = "core-foundation-sys"
 version = "0.8.6"
-source = "git+https://github.com/madsmtm/core-foundation-rs.git?rev=7d593d016175755e492a92ef89edca68ac3bd5cd#7d593d016175755e492a92ef89edca68ac3bd5cd"
 dependencies = [
  "objc2-encode",
 ]
 
 [[package]]
 name = "core-graphics"
-version = "0.22.3"
+version = "0.19.0"
 source = "registry+https://github.com/rust-lang/crates.io-index"
-checksum = "2581bbab3b8ffc6fcbd550bf46c355135d16e9ff2a6ea032ad6b9bf1d7efe4fb"
+checksum = "59e78b2e0aaf43f08e7ae0d6bc96895ef72ff0921c7d4ff4762201b2dba376dd"
 dependencies = [
  "bitflags 1.3.2",
+ "core-foundation 0.7.0",
+ "foreign-types 0.3.2",
+ "libc",
+]
+
+[[package]]
+name = "core-graphics"
+version = "0.21.0"
+source = "registry+https://github.com/rust-lang/crates.io-index"
+checksum = "52a67c4378cf203eace8fb6567847eb641fd6ff933c1145a115c6ee820ebb978"
+dependencies = [
+ "bitflags 1.3.2",
  "core-foundation 0.9.3 (registry+https://github.com/rust-lang/crates.io-index)",
- "core-graphics-types 0.1.2 (registry+https://github.com/rust-lang/crates.io-index)",
  "foreign-types 0.3.2",
  "libc",
 ]
 
 [[package]]
 name = "core-graphics"
-version = "0.23.1"
+version = "0.22.3"
 source = "registry+https://github.com/rust-lang/crates.io-index"
-checksum = "970a29baf4110c26fedbc7f82107d42c23f7e88e404c4577ed73fe99ff85a212"
+checksum = "2581bbab3b8ffc6fcbd550bf46c355135d16e9ff2a6ea032ad6b9bf1d7efe4fb"
 dependencies = [
  "bitflags 1.3.2",
  "core-foundation 0.9.3 (registry+https://github.com/rust-lang/crates.io-index)",
  "core-graphics-types 0.1.2 (registry+https://github.com/rust-lang/crates.io-index)",
- "foreign-types 0.5.0",
+ "foreign-types 0.3.2",
  "libc",
 ]
 
 [[package]]
 name = "core-graphics"
 version = "0.23.1"
-source = "git+https://github.com/madsmtm/core-foundation-rs.git?rev=7d593d016175755e492a92ef89edca68ac3bd5cd#7d593d016175755e492a92ef89edca68ac3bd5cd"
 dependencies = [
  "bitflags 1.3.2",
- "core-foundation 0.9.3 (git+https://github.com/madsmtm/core-foundation-rs.git?rev=7d593d016175755e492a92ef89edca68ac3bd5cd)",
- "core-graphics-types 0.1.2 (git+https://github.com/madsmtm/core-foundation-rs.git?rev=7d593d016175755e492a92ef89edca68ac3bd5cd)",
+ "core-foundation 0.9.3",
+ "core-graphics-types 0.1.2",
  "foreign-types 0.5.0",
  "libc",
  "objc2-encode",
 ]
 
 [[package]]
-name = "core-graphics-types"
-version = "0.1.2"
+name = "core-graphics"
+version = "0.23.1"
 source = "registry+https://github.com/rust-lang/crates.io-index"
-checksum = "2bb142d41022986c1d8ff29103a1411c8a3dfad3552f87a4f8dc50d61d4f4e33"
+checksum = "970a29baf4110c26fedbc7f82107d42c23f7e88e404c4577ed73fe99ff85a212"
 dependencies = [
  "bitflags 1.3.2",
  "core-foundation 0.9.3 (registry+https://github.com/rust-lang/crates.io-index)",
+ "core-graphics-types 0.1.2 (registry+https://github.com/rust-lang/crates.io-index)",
+ "foreign-types 0.5.0",
  "libc",
 ]
 
 [[package]]
 name = "core-graphics-types"
 version = "0.1.2"
-source = "git+https://github.com/madsmtm/core-foundation-rs.git?rev=7d593d016175755e492a92ef89edca68ac3bd5cd#7d593d016175755e492a92ef89edca68ac3bd5cd"
 dependencies = [
  "bitflags 1.3.2",
- "core-foundation 0.9.3 (git+https://github.com/madsmtm/core-foundation-rs.git?rev=7d593d016175755e492a92ef89edca68ac3bd5cd)",
+ "core-foundation 0.9.3",
  "libc",
  "objc2-encode",
 ]
 
 [[package]]
+name = "core-graphics-types"
+version = "0.1.2"
+source = "registry+https://github.com/rust-lang/crates.io-index"
+checksum = "2bb142d41022986c1d8ff29103a1411c8a3dfad3552f87a4f8dc50d61d4f4e33"
+dependencies = [
+ "bitflags 1.3.2",
+ "core-foundation 0.9.3 (registry+https://github.com/rust-lang/crates.io-index)",
+ "libc",
+]
+
+[[package]]
 name = "coreaudio-rs"
 version = "0.11.3"
 source = "registry+https://github.com/rust-lang/crates.io-index"
@@ -1865,26 +1912,6 @@ dependencies = [
 ]
 
 [[package]]
-name = "enum-map"
-version = "2.7.0"
-source = "registry+https://github.com/rust-lang/crates.io-index"
-checksum = "53337c2dbf26a3c31eccc73a37b10c1614e8d4ae99b6a50d553e8936423c1f16"
-dependencies = [
- "enum-map-derive",
-]
-
-[[package]]
-name = "enum-map-derive"
-version = "0.14.0"
-source = "registry+https://github.com/rust-lang/crates.io-index"
-checksum = "04d0b288e3bb1d861c4403c1774a6f7a798781dfc519b3647df2a3dd4ae95f25"
-dependencies = [
- "proc-macro2 1.0.79",
- "quote 1.0.35",
- "syn 2.0.55",
-]
-
-[[package]]
 name = "enumflags2"
 version = "0.7.8"
 source = "registry+https://github.com/rust-lang/crates.io-index"
@@ -1932,16 +1959,6 @@ dependencies = [
 ]
 
 [[package]]
-name = "epoll"
-version = "4.3.3"
-source = "registry+https://github.com/rust-lang/crates.io-index"
-checksum = "74351c3392ea1ff6cd2628e0042d268ac2371cb613252ff383b6dfa50d22fa79"
-dependencies = [
- "bitflags 2.4.1",
- "libc",
-]
-
-[[package]]
 name = "equivalent"
 version = "1.0.1"
 source = "registry+https://github.com/rust-lang/crates.io-index"
@@ -1966,7 +1983,6 @@ checksum = "281e452d3bad4005426416cdba5ccfd4f5c1280e10
 [[package]]
 name = "evdev"
 version = "0.11.5"
-source = "git+https://github.com/fufesou/evdev#cec616e37790293d2cd2aa54a96601ed6b1b35a9"
 dependencies = [
  "bitvec",
  "libc",
@@ -3038,7 +3054,6 @@ checksum = "9a3a5bfb195931eeb336b2a7b4d761daec841b97f9
 [[package]]
 name = "hwcodec"
 version = "0.4.12"
-source = "git+https://github.com/21pages/hwcodec#6fbafe7dd25adad5e897b3192b2b40b720a9b118"
 dependencies = [
  "bindgen 0.59.2",
  "cc",
@@ -3154,7 +3169,6 @@ dependencies = [
 [[package]]
 name = "impersonate_system"
 version = "0.1.0"
-source = "git+https://github.com/21pages/impersonate-system#2f429010a5a10b1fe5eceb553c6672fd53d20167"
 dependencies = [
  "cc",
 ]
@@ -3199,26 +3213,6 @@ dependencies = [
 ]
 
 [[package]]
-name = "inotify"
-version = "0.10.2"
-source = "registry+https://github.com/rust-lang/crates.io-index"
-checksum = "fdd168d97690d0b8c412d6b6c10360277f4d7ee495c5d0d5d5fe0854923255cc"
-dependencies = [
- "bitflags 1.3.2",
- "inotify-sys",
- "libc",
-]
-
-[[package]]
-name = "inotify-sys"
-version = "0.1.5"
-source = "registry+https://github.com/rust-lang/crates.io-index"
-checksum = "e05c02b5e89bff3b946cedeca278abc628fe811e604f027c45a8aa3cf793d0eb"
-dependencies = [
- "libc",
-]
-
-[[package]]
 name = "inout"
 version = "0.1.3"
 source = "registry+https://github.com/rust-lang/crates.io-index"
@@ -3371,7 +3365,6 @@ dependencies = [
 [[package]]
 name = "keepawake"
 version = "0.4.3"
-source = "git+https://github.com/rustdesk-org/keepawake-rs#ad94454a75cf1ff9e95e217dee9dd6a378bf625e"
 dependencies = [
  "anyhow",
  "apple-sys",
@@ -3658,7 +3651,6 @@ dependencies = [
 [[package]]
 name = "machine-uid"
 version = "0.3.0"
-source = "git+https://github.com/21pages/machine-uid#381ff579c1dc3a6c54db9dfec47c44bcb0246542"
 dependencies = [
  "bindgen 0.59.2",
  "cc",
@@ -3668,7 +3660,6 @@ dependencies = [
 [[package]]
 name = "magnum-opus"
 version = "0.4.0"
-source = "git+https://github.com/rustdesk-org/magnum-opus#5cd2bf989c148662fa3a2d9d539a71d71fd1d256"
 dependencies = [
  "bindgen 0.59.2",
  "pkg-config",
@@ -3758,7 +3749,6 @@ source = "registry+https://github.com/rust-lang/crates
 checksum = "a4a650543ca06a924e8b371db273b2756685faae30f8487da1b56505a8f78b0c"
 dependencies = [
  "libc",
- "log",
  "wasi 0.11.0+wasi-snapshot-preview1",
  "windows-sys 0.48.0",
 ]
@@ -3766,7 +3756,6 @@ dependencies = [
 [[package]]
 name = "mouce"
 version = "0.2.1"
-source = "git+https://github.com/fufesou/mouce.git#ed83800d532b95d70e39915314f6052aa433e9b9"
 dependencies = [
  "glob",
 ]
@@ -4327,7 +4316,6 @@ dependencies = [
 [[package]]
 name = "pam"
 version = "0.7.0"
-source = "git+https://github.com/fufesou/pam#10da2cbbabe32cbc9de22a66abe44738e7ec0ea0"
 dependencies = [
  "libc",
  "pam-macros",
@@ -4384,7 +4372,6 @@ dependencies = [
 [[package]]
 name = "parity-tokio-ipc"
 version = "0.7.3-3"
-source = "git+https://github.com/rustdesk-org/parity-tokio-ipc#e8448ade10d6d972d0b2307646424b36ab202ff5"
 dependencies = [
  "futures",
  "libc",
@@ -5005,24 +4992,14 @@ dependencies = [
 
 [[package]]
 name = "rdev"
-version = "0.5.0-2"
-source = "git+https://github.com/fufesou/rdev#b3434caee84c92412b45a2f655a15ac5dad33488"
+version = "0.5.3"
 dependencies = [
- "cocoa 0.24.1",
- "core-foundation 0.9.3 (registry+https://github.com/rust-lang/crates.io-index)",
- "core-foundation-sys 0.8.4",
- "core-graphics 0.22.3",
- "dispatch",
- "enum-map",
- "epoll",
- "inotify",
+ "cocoa 0.22.0",
+ "core-foundation 0.7.0",
+ "core-foundation-sys 0.7.0",
+ "core-graphics 0.19.0",
  "lazy_static",
  "libc",
- "log",
- "mio",
- "strum 0.24.1",
- "strum_macros 0.24.3",
- "widestring",
  "winapi 0.3.9",
  "x11 2.21.0",
 ]
@@ -5125,7 +5102,6 @@ dependencies = [
 [[package]]
 name = "reqwest"
 version = "0.11.23"
-source = "git+https://github.com/rustdesk-org/reqwest#9cb758c9fb2f4edc62eb790acfd45a6a3da21ed3"
 dependencies = [
  "async-compression",
  "base64 0.21.5",
@@ -5261,7 +5237,6 @@ dependencies = [
 [[package]]
 name = "rust-pulsectl"
 version = "0.2.12"
-source = "git+https://github.com/open-trade/pulsectl#5e68f4c2b7c644fa321984688602d71e8ad0bba3"
 dependencies = [
  "libpulse-binding",
 ]
@@ -5563,12 +5538,6 @@ dependencies = [
 ]
 
 [[package]]
-name = "rustversion"
-version = "1.0.14"
-source = "registry+https://github.com/rust-lang/crates.io-index"
-checksum = "7ffc183a10b4478d04cbbbfc96d0873219d962dd5accaff2ffbd4ceb7df837f4"
-
-[[package]]
 name = "ryu"
 version = "1.0.15"
 source = "registry+https://github.com/rust-lang/crates.io-index"
@@ -5610,7 +5579,6 @@ dependencies = [
 [[package]]
 name = "sciter-rs"
 version = "0.5.57"
-source = "git+https://github.com/open-trade/rust-sciter?branch=dyn#fab913b7c2e779b05c249b0c5de5a08759b2c15d"
 dependencies = [
  "lazy_static",
  "libc",
@@ -5968,12 +5936,6 @@ source = "registry+https://github.com/rust-lang/crates
 checksum = "57bd81eb48f4c437cadc685403cad539345bf703d78e63707418431cecd4522b"
 
 [[package]]
-name = "strum"
-version = "0.24.1"
-source = "registry+https://github.com/rust-lang/crates.io-index"
-checksum = "063e6045c0e62079840579a7e47a355ae92f60eb74daaf156fb1e84ba164e63f"
-
-[[package]]
 name = "strum_macros"
 version = "0.18.0"
 source = "registry+https://github.com/rust-lang/crates.io-index"
@@ -5986,19 +5948,6 @@ dependencies = [
 ]
 
 [[package]]
-name = "strum_macros"
-version = "0.24.3"
-source = "registry+https://github.com/rust-lang/crates.io-index"
-checksum = "1e385be0d24f186b4ce2f9982191e7101bb737312ad61c1f2f984f34bcf85d59"
-dependencies = [
- "heck 0.4.1",
- "proc-macro2 1.0.79",
- "quote 1.0.35",
- "rustversion",
- "syn 1.0.109",
-]
-
-[[package]]
 name = "subtle"
 version = "2.5.0"
 source = "registry+https://github.com/rust-lang/crates.io-index"
@@ -6055,7 +6004,6 @@ dependencies = [
 [[package]]
 name = "sysinfo"
 version = "0.29.10"
-source = "git+https://github.com/rustdesk-org/sysinfo#f45dcc6510d48c3a1401c5a33eedccc8899f67b2"
 dependencies = [
  "cfg-if 1.0.0",
  "core-foundation-sys 0.8.4",
@@ -6095,8 +6043,8 @@ checksum = "0f3ecc17269a19353b3558b313bba738b25d82993e
 dependencies = [
  "heck 0.3.3",
  "pkg-config",
- "strum 0.18.0",
- "strum_macros 0.18.0",
+ "strum",
+ "strum_macros",
  "thiserror",
  "toml 0.5.11",
  "version-compare 0.0.10",
@@ -6128,7 +6076,6 @@ dependencies = [
 [[package]]
 name = "tao"
 version = "0.25.0"
-source = "git+https://github.com/rustdesk-org/tao?branch=dev#1cad16b200485bbccc67dcee2d339eac6e1c16ad"
 dependencies = [
  "bitflags 1.3.2",
  "cc",
@@ -6168,7 +6115,6 @@ dependencies = [
 [[package]]
 name = "tao-macros"
 version = "0.1.2"
-source = "git+https://github.com/rustdesk-org/tao?branch=dev#1cad16b200485bbccc67dcee2d339eac6e1c16ad"
 dependencies = [
  "proc-macro2 1.0.79",
  "quote 1.0.35",
@@ -6251,7 +6197,6 @@ dependencies = [
 [[package]]
 name = "tfc"
 version = "0.6.1"
-source = "git+https://github.com/fufesou/The-Fat-Controller#9dd86151525fd010dc93f6bc9b6aedd1a75cc342"
 dependencies = [
  "anyhow",
  "core-graphics 0.22.3",
@@ -6433,7 +6378,6 @@ dependencies = [
 [[package]]
 name = "tokio-socks"
 version = "0.5.2"
-source = "git+https://github.com/rustdesk-org/tokio-socks#51037c93f8be34196fd2b6de9f674e8dfae3d01e"
 dependencies = [
  "bytes",
  "either",
@@ -6632,7 +6576,6 @@ dependencies = [
 [[package]]
 name = "tray-icon"
 version = "0.11.3"
-source = "git+https://github.com/tauri-apps/tray-icon#b8dbd42c6f94a29f34b0a0daa619486277185512"
 dependencies = [
  "cocoa 0.25.0",
  "core-graphics 0.23.1 (registry+https://github.com/rust-lang/crates.io-index)",
@@ -6887,7 +6830,6 @@ dependencies = [
 [[package]]
 name = "wallpaper"
 version = "3.2.0"
-source = "git+https://github.com/21pages/wallpaper.rs#ce4a0cd3f58327c7cc44d15a63706fb0c022bacf"
 dependencies = [
  "dirs 5.0.1",
  "enquote",
@@ -7076,7 +7018,6 @@ dependencies = [
 [[package]]
 name = "webm"
 version = "1.1.0"
-source = "git+https://github.com/21pages/rust-webm#d2c4d3ac133c7b0e4c0f656da710b48391981e64"
 dependencies = [
  "webm-sys",
 ]
@@ -7084,7 +7025,6 @@ dependencies = [
 [[package]]
 name = "webm-sys"
 version = "1.0.4"
-source = "git+https://github.com/21pages/rust-webm#d2c4d3ac133c7b0e4c0f656da710b48391981e64"
 dependencies = [
  "cc",
 ]
@@ -7669,7 +7609,6 @@ dependencies = [
 [[package]]
 name = "x11"
 version = "2.19.0"
-source = "git+https://github.com/bjornsnoen/x11-rs#c2e9bfaa7b196938f8700245564d8ac5d447786a"
 dependencies = [
  "libc",
  "pkg-config",
@@ -7688,7 +7627,6 @@ dependencies = [
 [[package]]
 name = "x11-clipboard"
 version = "0.8.1"
-source = "git+https://github.com/clslaid/x11-clipboard?branch=feat/store-batch#5fc2e73bc01ada3681159b34cf3ea8f0d14cd904"
 dependencies = [
  "x11rb 0.12.0",
 ]
